
Microsoft Visual Studio Solution File, Format Version 12.00
# Visual Studio Version 16
VisualStudioVersion = 16.0.28902.138
MinimumVisualStudioVersion = 10.0.40219.1
Project("{9A19103F-16F7-4668-BE54-9A1E7A4F7556}") = "customer_inquiry", "customer_inquiry.csproj", "{869CB6BB-B28A-46F5-B076-B27889BECB7E}"
EndProject
Project("{FAE04EC0-301F-11D3-BF4B-00C04F79EFBC}") = "customer_inquiry.Domain", "..\customer_inquiry.Domain\customer_inquiry.Domain.csproj", "{D916459D-12FD-424F-B515-5AEEFC8C6F26}"
EndProject
Global
	GlobalSection(SolutionConfigurationPlatforms) = preSolution
		Debug|Any CPU = Debug|Any CPU
		Release|Any CPU = Release|Any CPU
	EndGlobalSection
	GlobalSection(ProjectConfigurationPlatforms) = postSolution
		{869CB6BB-B28A-46F5-B076-B27889BECB7E}.Debug|Any CPU.ActiveCfg = Debug|Any CPU
		{869CB6BB-B28A-46F5-B076-B27889BECB7E}.Debug|Any CPU.Build.0 = Debug|Any CPU
		{869CB6BB-B28A-46F5-B076-B27889BECB7E}.Release|Any CPU.ActiveCfg = Release|Any CPU
		{869CB6BB-B28A-46F5-B076-B27889BECB7E}.Release|Any CPU.Build.0 = Release|Any CPU
		{D916459D-12FD-424F-B515-5AEEFC8C6F26}.Debug|Any CPU.ActiveCfg = Debug|Any CPU
		{D916459D-12FD-424F-B515-5AEEFC8C6F26}.Debug|Any CPU.Build.0 = Debug|Any CPU
		{D916459D-12FD-424F-B515-5AEEFC8C6F26}.Release|Any CPU.ActiveCfg = Release|Any CPU
		{D916459D-12FD-424F-B515-5AEEFC8C6F26}.Release|Any CPU.Build.0 = Release|Any CPU
	EndGlobalSection
	GlobalSection(SolutionProperties) = preSolution
		HideSolutionNode = FALSE
	EndGlobalSection
	GlobalSection(ExtensibilityGlobals) = postSolution
		SolutionGuid = {03FBD0A8-B0CA-47CC-81C4-D763CCC77268}
	EndGlobalSection
EndGlobal
